schema: '2.0'
stages:
  data_ingestion:
    cmd: python src/data_ingestion.py
    deps:
    - path: src/data_ingestion.py
      hash: md5
      md5: 39f69dc12fd10e36fb0140369d99d9c9
      size: 3985
    params:
      params.yaml:
        data_ingestion.test_size: 0.3
    outs:
    - path: data/raw
      hash: md5
      md5: 506021b2951b5a642d0d50e6e224e825.dir
      size: 484846
      nfiles: 2
  data_preprocessing:
    cmd: python src/data_preprocessing.py
    deps:
    - path: data/raw
      hash: md5
      md5: 506021b2951b5a642d0d50e6e224e825.dir
      size: 484846
      nfiles: 2
    - path: src/data_preprocessing.py
      hash: md5
      md5: e46c74652acd58db33ccfbc39c07761a
      size: 4101
    outs:
    - path: data/interim
      hash: md5
      md5: 11d78c294b5e5a7303f340d5b2acb1d2.dir
      size: 263911
      nfiles: 2
  feature_engineering:
    cmd: python src/feature_engineering.py
    deps:
    - path: data/interim
      hash: md5
      md5: 11d78c294b5e5a7303f340d5b2acb1d2.dir
      size: 263911
      nfiles: 2
    - path: src/feature_engineering.py
      hash: md5
      md5: c280c8d698e3eba230c1e8bbf76fd962
      size: 4224
    params:
      params.yaml:
        feature_engineering.max_features: 50
    outs:
    - path: data/processed
      hash: md5
      md5: f94c9df128f9dd4ed4d7079421878373.dir
      size: 1193017
      nfiles: 2
  model_training:
    cmd: python src/model_training.py
    deps:
    - path: data/processed
      hash: md5
      md5: f94c9df128f9dd4ed4d7079421878373.dir
      size: 1193017
      nfiles: 2
    - path: src/model_training.py
      hash: md5
      md5: f34ca21ba6d01001e2e44959b40dbd7a
      size: 4821
    params:
      params.yaml:
        model_training.n_estimators: 25
        model_training.random_state: 2
    outs:
    - path: models/model.pkl
      hash: md5
      md5: bda157c7b27498818903a98ea6531b20
      size: 973174
  model_evaluation:
    cmd: python src/model_evaluation.py
    deps:
    - path: models/model.pkl
      hash: md5
      md5: bda157c7b27498818903a98ea6531b20
      size: 973174
    - path: src/model_evaluation.py
      hash: md5
      md5: 15f034ff1c1084d1ae7a54c6330d1523
      size: 5139
    outs:
    - path: reports/metrics.json
      hash: md5
      md5: a065dd007243c5e57eaaa450b6674543
      size: 149
